
Microsoft Visual Studio Solution File, Format Version 12.00
# Visual Studio Version 17
VisualStudioVersion = 17.5.002.0
MinimumVisualStudioVersion = 10.0.40219.1
Project("{9A19103F-16F7-4668-BE54-9A1E7A4F7556}") = "Books_Manager_Task", "Books_Manager_Task\Books_Manager_Task.csproj", "{B970E07B-B89F-438F-B2F9-A3D8D7FD35CA}"
EndProject
Global
	GlobalSection(SolutionConfigurationPlatforms) = preSolution
		Debug|Any CPU = Debug|Any CPU
		Release|Any CPU = Release|Any CPU
	EndGlobalSection
	GlobalSection(ProjectConfigurationPlatforms) = postSolution
		{B970E07B-B89F-438F-B2F9-A3D8D7FD35CA}.Debug|Any CPU.ActiveCfg = Debug|Any CPU
		{B970E07B-B89F-438F-B2F9-A3D8D7FD35CA}.Debug|Any CPU.Build.0 = Debug|Any CPU
		{B970E07B-B89F-438F-B2F9-A3D8D7FD35CA}.Release|Any CPU.ActiveCfg = Release|Any CPU
		{B970E07B-B89F-438F-B2F9-A3D8D7FD35CA}.Release|Any CPU.Build.0 = Release|Any CPU
	EndGlobalSection
	GlobalSection(SolutionProperties) = preSolution
		HideSolutionNode = FALSE
	EndGlobalSection
	GlobalSection(ExtensibilityGlobals) = postSolution
		SolutionGuid = {2EC0EBC8-9151-447C-9FF7-4FE3A64E827C}
	EndGlobalSection
EndGlobal
